{
  "name": "p7d-markdown-it-p-captions",
  "version": "0.3.1",
  "lockfileVersion": 2,
  "requires": true,
  "packages": {
    "": {
      "name": "p7d-markdown-it-p-captions",
      "version": "0.3.1",
      "license": "MIT",
      "dependencies": {
        "p7d-markdown-it-p-captions": "^0.3.1"
      },
      "engines": {
        "vscode": "^1.57.0"
      }
    },
    "node_modules/p7d-markdown-it-p-captions": {
      "version": "0.3.1",
      "resolved": "https://registry.npmjs.org/p7d-markdown-it-p-captions/-/p7d-markdown-it-p-captions-0.3.1.tgz",
      "integrity": "sha512-0T4f1wJruo3jtG/M8NPtnpY+93S3Q53fXAfdye+7vHvkL6zaigp2/jKurJFn2FFpsGF4s3vhvEs9pD498eEXkA=="
    }
  },
  "dependencies": {
    "p7d-markdown-it-p-captions": {
      "version": "0.3.1",
      "resolved": "https://registry.npmjs.org/p7d-markdown-it-p-captions/-/p7d-markdown-it-p-captions-0.3.1.tgz",
      "integrity": "sha512-0T4f1wJruo3jtG/M8NPtnpY+93S3Q53fXAfdye+7vHvkL6zaigp2/jKurJFn2FFpsGF4s3vhvEs9pD498eEXkA=="
    }
  }
}
