{
  "name": "p7d-markdown-it-p-captions",
  "version": "0.3.2",
  "lockfileVersion": 2,
  "requires": true,
  "packages": {
    "": {
      "name": "p7d-markdown-it-p-captions",
      "version": "0.3.2",
      "license": "MIT",
      "dependencies": {
        "p7d-markdown-it-p-captions": "^0.4.6"
      },
      "engines": {
        "vscode": "^1.57.0"
      }
    },
    "node_modules/p7d-markdown-it-p-captions": {
      "version": "0.4.6",
      "resolved": "https://registry.npmjs.org/p7d-markdown-it-p-captions/-/p7d-markdown-it-p-captions-0.4.6.tgz",
      "integrity": "sha512-kLW6Js/HiEp6AKyqgX9swMxzuu6mkeaNijO8o2on2pdsSC/9s3fdrFxXl1R8Jt7ds5f6C2qC5QJS2ZfSPaZcBg=="
    }
  },
  "dependencies": {
    "p7d-markdown-it-p-captions": {
      "version": "0.4.6",
      "resolved": "https://registry.npmjs.org/p7d-markdown-it-p-captions/-/p7d-markdown-it-p-captions-0.4.6.tgz",
      "integrity": "sha512-kLW6Js/HiEp6AKyqgX9swMxzuu6mkeaNijO8o2on2pdsSC/9s3fdrFxXl1R8Jt7ds5f6C2qC5QJS2ZfSPaZcBg=="
    }
  }
}
