{
  "name": "p7d-markdown-it-p-captions",
  "version": "0.2.0",
  "lockfileVersion": 2,
  "requires": true,
  "packages": {
    "": {
      "name": "p7d-markdown-it-p-captions",
      "version": "0.2.0",
      "license": "MIT",
      "dependencies": {
        "p7d-markdown-it-p-captions": "^0.2.2"
      },
      "engines": {
        "vscode": "^1.57.0"
      }
    },
    "node_modules/p7d-markdown-it-p-captions": {
      "version": "0.2.2",
      "resolved": "https://registry.npmjs.org/p7d-markdown-it-p-captions/-/p7d-markdown-it-p-captions-0.2.2.tgz",
      "integrity": "sha512-TZCKD9FTdQEs+Wp6amFW+YWg6ldKwn/NSVi3BLVB6DJ9A2QX8Vx5OqVx0z2gUCpgGgabcbQ+f8W//24i3RYzHQ=="
    }
  },
  "dependencies": {
    "p7d-markdown-it-p-captions": {
      "version": "0.2.2",
      "resolved": "https://registry.npmjs.org/p7d-markdown-it-p-captions/-/p7d-markdown-it-p-captions-0.2.2.tgz",
      "integrity": "sha512-TZCKD9FTdQEs+Wp6amFW+YWg6ldKwn/NSVi3BLVB6DJ9A2QX8Vx5OqVx0z2gUCpgGgabcbQ+f8W//24i3RYzHQ=="
    }
  }
}
